// !$*UTF8*$!
{
	archiveVersion = 1;
	classes = {
	};
	objectVersion = 51;
	objects = {

/* Begin PBXBuildFile section */
		010EE1877516C5DD7005AFC8 /* Pods_dropspot.framework in Frameworks */ = {isa = PBXBuildFile; fileRef = 2C8218B93C130914FF9F8D04 /* Pods_dropspot.framework */; };
		09E95C612A96DD7D4E7BABC1 /* Pods_dropspotTests.framework in Frameworks */ = {isa = PBXBuildFile; fileRef = 9FE6C714F5AB38D321DB5609 /* Pods_dropspotTests.framework */; };
		1510667F25A51B6000939D36 /* UserDefaultsHelper.swift in Sources */ = {isa = PBXBuildFile; fileRef = 1510667E25A51B6000939D36 /* UserDefaultsHelper.swift */; };
		152063C125A12AE500BAD678 /* RegisterRequestModel.swift in Sources */ = {isa = PBXBuildFile; fileRef = 152063C025A12AE500BAD678 /* RegisterRequestModel.swift */; };
		152063C625A12D3300BAD678 /* RegisterRequest.swift in Sources */ = {isa = PBXBuildFile; fileRef = 152063C525A12D3300BAD678 /* RegisterRequest.swift */; };
		152063CB25A136E300BAD678 /* UIViewControllerExt.swift in Sources */ = {isa = PBXBuildFile; fileRef = 152063CA25A136E300BAD678 /* UIViewControllerExt.swift */; };
		152063D025A13CCF00BAD678 /* StringExt.swift in Sources */ = {isa = PBXBuildFile; fileRef = 152063CF25A13CCF00BAD678 /* StringExt.swift */; };
		1527AEC625A53AB50020CB36 /* Session.swift in Sources */ = {isa = PBXBuildFile; fileRef = 1527AEC525A53AB50020CB36 /* Session.swift */; };
		1527AED325A543530020CB36 /* MeViewController.swift in Sources */ = {isa = PBXBuildFile; fileRef = 1527AED225A543530020CB36 /* MeViewController.swift */; };
		1527AEE325A546150020CB36 /* SpotsCollectionViewController.swift in Sources */ = {isa = PBXBuildFile; fileRef = 1527AEE225A546150020CB36 /* SpotsCollectionViewController.swift */; };
		1527AEE925A546DA0020CB36 /* SpotCellViewControllerCollectionViewCell.swift in Sources */ = {isa = PBXBuildFile; fileRef = 1527AEE825A546DA0020CB36 /* SpotCellViewControllerCollectionViewCell.swift */; };
		1532722725A367B0004D4E76 /* MapViewController.swift in Sources */ = {isa = PBXBuildFile; fileRef = 1532722625A367B0004D4E76 /* MapViewController.swift */; };
		15768AA42598F05000409E2B /* AppDelegate.swift in Sources */ = {isa = PBXBuildFile; fileRef = 15768AA32598F05000409E2B /* AppDelegate.swift */; };
		15768AA82598F05000409E2B /* LoginViewController.swift in Sources */ = {isa = PBXBuildFile; fileRef = 15768AA72598F05000409E2B /* LoginViewController.swift */; };
		15768AAB2598F05000409E2B /* Auth.storyboard in Resources */ = {isa = PBXBuildFile; fileRef = 15768AA92598F05000409E2B /* Auth.storyboard */; };
		15768AAD2598F05100409E2B /* Assets.xcassets in Resources */ = {isa = PBXBuildFile; fileRef = 15768AAC2598F05100409E2B /* Assets.xcassets */; };
		15768AB02598F05100409E2B /* LaunchScreen.storyboard in Resources */ = {isa = PBXBuildFile; fileRef = 15768AAE2598F05100409E2B /* LaunchScreen.storyboard */; };
		15768ABB2598F05100409E2B /* dropspotTests.swift in Sources */ = {isa = PBXBuildFile; fileRef = 15768ABA2598F05100409E2B /* dropspotTests.swift */; };
		15768AC62598F05100409E2B /* dropspotUITests.swift in Sources */ = {isa = PBXBuildFile; fileRef = 15768AC52598F05100409E2B /* dropspotUITests.swift */; };
		1591E95425994B2600EEA918 /* Theme.swift in Sources */ = {isa = PBXBuildFile; fileRef = 1591E95325994B2600EEA918 /* Theme.swift */; };
		1595248625A2634F00EA7D2A /* Main.storyboard in Resources */ = {isa = PBXBuildFile; fileRef = 1595248525A2634F00EA7D2A /* Main.storyboard */; };
		1595249625A2731900EA7D2A /* NavDrawerContentViewController.swift in Sources */ = {isa = PBXBuildFile; fileRef = 1595249525A2731900EA7D2A /* NavDrawerContentViewController.swift */; };
		159EAABF25A4B9B800EF8B1A /* NavDrawerNavigationDelegate.swift in Sources */ = {isa = PBXBuildFile; fileRef = 159EAABE25A4B9B800EF8B1A /* NavDrawerNavigationDelegate.swift */; };
		15C946C2259A8CFA00D970E9 /* RegisterViewController.swift in Sources */ = {isa = PBXBuildFile; fileRef = 15C946C1259A8CFA00D970E9 /* RegisterViewController.swift */; };
		15C946CF259AA2BA00D970E9 /* HomeViewController.swift in Sources */ = {isa = PBXBuildFile; fileRef = 15C946CE259AA2BA00D970E9 /* HomeViewController.swift */; };
		15C946D5259AA66C00D970E9 /* LoginFormValidator.swift in Sources */ = {isa = PBXBuildFile; fileRef = 15C946D4259AA66C00D970E9 /* LoginFormValidator.swift */; };
		15C946E2259AAF2800D970E9 /* AuthService.swift in Sources */ = {isa = PBXBuildFile; fileRef = 15C946E1259AAF2800D970E9 /* AuthService.swift */; };
		15C946EF259B9B9300D970E9 /* FormValidator.swift in Sources */ = {isa = PBXBuildFile; fileRef = 15C946EE259B9B9300D970E9 /* FormValidator.swift */; };
		15C946F4259BA49400D970E9 /* FormValidationUtil.swift in Sources */ = {isa = PBXBuildFile; fileRef = 15C946F3259BA49400D970E9 /* FormValidationUtil.swift */; };
		15C946FC259BA85C00D970E9 /* Validation.swift in Sources */ = {isa = PBXBuildFile; fileRef = 15C946FB259BA85C00D970E9 /* Validation.swift */; };
		15C94702259BB9B900D970E9 /* TextFieldExt.swift in Sources */ = {isa = PBXBuildFile; fileRef = 15C94701259BB9B900D970E9 /* TextFieldExt.swift */; };
		15C94718259BDD9300D970E9 /* KeyboardHandlingViewController.swift in Sources */ = {isa = PBXBuildFile; fileRef = 15C94717259BDD9300D970E9 /* KeyboardHandlingViewController.swift */; };
		15C9471E259BF78C00D970E9 /* RegisterFormValidator.swift in Sources */ = {isa = PBXBuildFile; fileRef = 15C9471D259BF78C00D970E9 /* RegisterFormValidator.swift */; };
		15C9472C259CD5AF00D970E9 /* FormValidatingKeyboardHandlingViewController.swift in Sources */ = {isa = PBXBuildFile; fileRef = 15C9472B259CD5AF00D970E9 /* FormValidatingKeyboardHandlingViewController.swift */; };
		15C94731259D5A3300D970E9 /* ResourceService.swift in Sources */ = {isa = PBXBuildFile; fileRef = 15C94730259D5A3300D970E9 /* ResourceService.swift */; };
		15C94736259D5A4000D970E9 /* SpotService.swift in Sources */ = {isa = PBXBuildFile; fileRef = 15C94735259D5A4000D970E9 /* SpotService.swift */; };
		15C9473B259D5A6300D970E9 /* Spot.swift in Sources */ = {isa = PBXBuildFile; fileRef = 15C9473A259D5A6300D970E9 /* Spot.swift */; };
		15C94740259D5A6800D970E9 /* SpotDetail.swift in Sources */ = {isa = PBXBuildFile; fileRef = 15C9473F259D5A6800D970E9 /* SpotDetail.swift */; };
		15C94750259D5B2D00D970E9 /* SpotsRequest.swift in Sources */ = {isa = PBXBuildFile; fileRef = 15C9474F259D5B2D00D970E9 /* SpotsRequest.swift */; };
		15C94767259D5FE600D970E9 /* JwtResponse.swift in Sources */ = {isa = PBXBuildFile; fileRef = 15C94766259D5FE600D970E9 /* JwtResponse.swift */; };
		15C9476F259D600C00D970E9 /* LoginRequestModel.swift in Sources */ = {isa = PBXBuildFile; fileRef = 15C9476E259D600C00D970E9 /* LoginRequestModel.swift */; };
		15C94774259D631500D970E9 /* MessageResponse.swift in Sources */ = {isa = PBXBuildFile; fileRef = 15C94773259D631500D970E9 /* MessageResponse.swift */; };
		15C94779259D63FB00D970E9 /* AppUser.swift in Sources */ = {isa = PBXBuildFile; fileRef = 15C94778259D63FB00D970E9 /* AppUser.swift */; };
		15C9477E259E1AD700D970E9 /* LoginRequest.swift in Sources */ = {isa = PBXBuildFile; fileRef = 15C9477D259E1AD700D970E9 /* LoginRequest.swift */; };
		15C94789259E25A600D970E9 /* PostRequestModelBasedResourceApiRequest.swift in Sources */ = {isa = PBXBuildFile; fileRef = 15C94788259E25A600D970E9 /* PostRequestModelBasedResourceApiRequest.swift */; };
		15C947A0259E276F00D970E9 /* ResponseError.swift in Sources */ = {isa = PBXBuildFile; fileRef = 15C9479F259E276F00D970E9 /* ResponseError.swift */; };
		15C947A7259E280100D970E9 /* ApiRequest.swift in Sources */ = {isa = PBXBuildFile; fileRef = 15C9478E259E272000D970E9 /* ApiRequest.swift */; };
		15C947A8259E280100D970E9 /* BasedResourceApiRequest.swift in Sources */ = {isa = PBXBuildFile; fileRef = 15C9478F259E272700D970E9 /* BasedResourceApiRequest.swift */; };
		15C947A9259E280100D970E9 /* ResourceApiRequest.swift in Sources */ = {isa = PBXBuildFile; fileRef = 15C9479B259E275200D970E9 /* ResourceApiRequest.swift */; };
		15C947B1259E382800D970E9 /* RequestModelBasedResourceApiRequest.swift in Sources */ = {isa = PBXBuildFile; fileRef = 15C947B0259E382800D970E9 /* RequestModelBasedResourceApiRequest.swift */; };
		353A3ADEAF442369B01931F5 /* Pods_dropspot_dropspotUITests.framework in Frameworks */ = {isa = PBXBuildFile; fileRef = 9E239E1BFA4C2EDE969960B3 /* Pods_dropspot_dropspotUITests.framework */; };
/* End PBXBuildFile section */

/* Begin PBXContainerItemProxy section */
		15768AB72598F05100409E2B /* PBXContainerItemProxy */ = {
			isa = PBXContainerItemProxy;
			containerPortal = 15768A982598F05000409E2B /* Project object */;
			proxyType = 1;
			remoteGlobalIDString = 15768A9F2598F05000409E2B;
			remoteInfo = dropspot;
		};
		15768AC22598F05100409E2B /* PBXContainerItemProxy */ = {
			isa = PBXContainerItemProxy;
			containerPortal = 15768A982598F05000409E2B /* Project object */;
			proxyType = 1;
			remoteGlobalIDString = 15768A9F2598F05000409E2B;
			remoteInfo = dropspot;
		};
/* End PBXContainerItemProxy section */

/* Begin PBXFileReference section */
		02A455FF9246A5813AC78F2E /* Pods-dropspot.release.xcconfig */ = {isa = PBXFileReference; includeInIndex = 1; lastKnownFileType = text.xcconfig; name = "Pods-dropspot.release.xcconfig"; path = "Target Support Files/Pods-dropspot/Pods-dropspot.release.xcconfig"; sourceTree = "<group>"; };
		0831060BD7D927D379E9DF6F /* Pods-dropspotTests.release.xcconfig */ = {isa = PBXFileReference; includeInIndex = 1; lastKnownFileType = text.xcconfig; name = "Pods-dropspotTests.release.xcconfig"; path = "Target Support Files/Pods-dropspotTests/Pods-dropspotTests.release.xcconfig"; sourceTree = "<group>"; };
		1510667E25A51B6000939D36 /* UserDefaultsHelper.swift */ = {isa = PBXFileReference; lastKnownFileType = sourcecode.swift; path = UserDefaultsHelper.swift; sourceTree = "<group>"; };
		152063C025A12AE500BAD678 /* RegisterRequestModel.swift */ = {isa = PBXFileReference; lastKnownFileType = sourcecode.swift; path = RegisterRequestModel.swift; sourceTree = "<group>"; };
		152063C525A12D3300BAD678 /* RegisterRequest.swift */ = {isa = PBXFileReference; lastKnownFileType = sourcecode.swift; path = RegisterRequest.swift; sourceTree = "<group>"; };
		152063CA25A136E300BAD678 /* UIViewControllerExt.swift */ = {isa = PBXFileReference; lastKnownFileType = sourcecode.swift; path = UIViewControllerExt.swift; sourceTree = "<group>"; };
		152063CF25A13CCF00BAD678 /* StringExt.swift */ = {isa = PBXFileReference; lastKnownFileType = sourcecode.swift; path = StringExt.swift; sourceTree = "<group>"; };
		1527AEC525A53AB50020CB36 /* Session.swift */ = {isa = PBXFileReference; lastKnownFileType = sourcecode.swift; path = Session.swift; sourceTree = "<group>"; };
		1527AED225A543530020CB36 /* MeViewController.swift */ = {isa = PBXFileReference; lastKnownFileType = sourcecode.swift; path = MeViewController.swift; sourceTree = "<group>"; };
		1527AEE225A546150020CB36 /* SpotsCollectionViewController.swift */ = {isa = PBXFileReference; fileEncoding = 4; lastKnownFileType = sourcecode.swift; name = SpotsCollectionViewController.swift; path = "../../../../../../../learning swift app dev/myProjects/spotWebTest/spotWebTest/ViewControllers/SpotsCollectionViewController.swift"; sourceTree = "<group>"; };
		1527AEE825A546DA0020CB36 /* SpotCellViewControllerCollectionViewCell.swift */ = {isa = PBXFileReference; fileEncoding = 4; lastKnownFileType = sourcecode.swift; name = SpotCellViewControllerCollectionViewCell.swift; path = "../../../../../../learning swift app dev/myProjects/spotWebTest/spotWebTest/cells/SpotCellViewControllerCollectionViewCell.swift"; sourceTree = "<group>"; };
		1532722625A367B0004D4E76 /* MapViewController.swift */ = {isa = PBXFileReference; lastKnownFileType = sourcecode.swift; path = MapViewController.swift; sourceTree = "<group>"; };
		15768AA02598F05000409E2B /* dropspot.app */ = {isa = PBXFileReference; explicitFileType = wrapper.application; includeInIndex = 0; path = dropspot.app; sourceTree = BUILT_PRODUCTS_DIR; };
		15768AA32598F05000409E2B /* AppDelegate.swift */ = {isa = PBXFileReference; lastKnownFileType = sourcecode.swift; path = AppDelegate.swift; sourceTree = "<group>"; };
		15768AA72598F05000409E2B /* LoginViewController.swift */ = {isa = PBXFileReference; lastKnownFileType = sourcecode.swift; path = LoginViewController.swift; sourceTree = "<group>"; };
		15768AAA2598F05000409E2B /* Base */ = {isa = PBXFileReference; lastKnownFileType = file.storyboard; name = Base; path = Base.lproj/Auth.storyboard; sourceTree = "<group>"; };
		15768AAC2598F05100409E2B /* Assets.xcassets */ = {isa = PBXFileReference; lastKnownFileType = folder.assetcatalog; path = Assets.xcassets; sourceTree = "<group>"; };
		15768AAF2598F05100409E2B /* Base */ = {isa = PBXFileReference; lastKnownFileType = file.storyboard; name = Base; path = Base.lproj/LaunchScreen.storyboard; sourceTree = "<group>"; };
		15768AB12598F05100409E2B /* Info.plist */ = {isa = PBXFileReference; lastKnownFileType = text.plist.xml; path = Info.plist; sourceTree = "<group>"; };
		15768AB62598F05100409E2B /* dropspotTests.xctest */ = {isa = PBXFileReference; explicitFileType = wrapper.cfbundle; includeInIndex = 0; path = dropspotTests.xctest; sourceTree = BUILT_PRODUCTS_DIR; };
		15768ABA2598F05100409E2B /* dropspotTests.swift */ = {isa = PBXFileReference; lastKnownFileType = sourcecode.swift; path = dropspotTests.swift; sourceTree = "<group>"; };
		15768ABC2598F05100409E2B /* Info.plist */ = {isa = PBXFileReference; lastKnownFileType = text.plist.xml; path = Info.plist; sourceTree = "<group>"; };
		15768AC12598F05100409E2B /* dropspotUITests.xctest */ = {isa = PBXFileReference; explicitFileType = wrapper.cfbundle; includeInIndex = 0; path = dropspotUITests.xctest; sourceTree = BUILT_PRODUCTS_DIR; };
		15768AC52598F05100409E2B /* dropspotUITests.swift */ = {isa = PBXFileReference; lastKnownFileType = sourcecode.swift; path = dropspotUITests.swift; sourceTree = "<group>"; };
		15768AC72598F05100409E2B /* Info.plist */ = {isa = PBXFileReference; lastKnownFileType = text.plist.xml; path = Info.plist; sourceTree = "<group>"; };
		1591E95325994B2600EEA918 /* Theme.swift */ = {isa = PBXFileReference; lastKnownFileType = sourcecode.swift; path = Theme.swift; sourceTree = "<group>"; };
		1595248525A2634F00EA7D2A /* Main.storyboard */ = {isa = PBXFileReference; lastKnownFileType = file.storyboard; path = Main.storyboard; sourceTree = "<group>"; };
		1595249525A2731900EA7D2A /* NavDrawerContentViewController.swift */ = {isa = PBXFileReference; lastKnownFileType = sourcecode.swift; path = NavDrawerContentViewController.swift; sourceTree = "<group>"; };
		159EAABE25A4B9B800EF8B1A /* NavDrawerNavigationDelegate.swift */ = {isa = PBXFileReference; lastKnownFileType = sourcecode.swift; path = NavDrawerNavigationDelegate.swift; sourceTree = "<group>"; };
		15C946C1259A8CFA00D970E9 /* RegisterViewController.swift */ = {isa = PBXFileReference; lastKnownFileType = sourcecode.swift; path = RegisterViewController.swift; sourceTree = "<group>"; };
		15C946CE259AA2BA00D970E9 /* HomeViewController.swift */ = {isa = PBXFileReference; lastKnownFileType = sourcecode.swift; path = HomeViewController.swift; sourceTree = "<group>"; };
		15C946D4259AA66C00D970E9 /* LoginFormValidator.swift */ = {isa = PBXFileReference; lastKnownFileType = sourcecode.swift; path = LoginFormValidator.swift; sourceTree = "<group>"; };
		15C946E1259AAF2800D970E9 /* AuthService.swift */ = {isa = PBXFileReference; lastKnownFileType = sourcecode.swift; path = AuthService.swift; sourceTree = "<group>"; };
		15C946EE259B9B9300D970E9 /* FormValidator.swift */ = {isa = PBXFileReference; lastKnownFileType = sourcecode.swift; path = FormValidator.swift; sourceTree = "<group>"; };
		15C946F3259BA49400D970E9 /* FormValidationUtil.swift */ = {isa = PBXFileReference; lastKnownFileType = sourcecode.swift; path = FormValidationUtil.swift; sourceTree = "<group>"; };
		15C946FB259BA85C00D970E9 /* Validation.swift */ = {isa = PBXFileReference; lastKnownFileType = sourcecode.swift; path = Validation.swift; sourceTree = "<group>"; };
		15C94701259BB9B900D970E9 /* TextFieldExt.swift */ = {isa = PBXFileReference; lastKnownFileType = sourcecode.swift; path = TextFieldExt.swift; sourceTree = "<group>"; };
		15C94717259BDD9300D970E9 /* KeyboardHandlingViewController.swift */ = {isa = PBXFileReference; lastKnownFileType = sourcecode.swift; path = KeyboardHandlingViewController.swift; sourceTree = "<group>"; };
		15C9471D259BF78C00D970E9 /* RegisterFormValidator.swift */ = {isa = PBXFileReference; lastKnownFileType = sourcecode.swift; path = RegisterFormValidator.swift; sourceTree = "<group>"; };
		15C9472B259CD5AF00D970E9 /* FormValidatingKeyboardHandlingViewController.swift */ = {isa = PBXFileReference; lastKnownFileType = sourcecode.swift; path = FormValidatingKeyboardHandlingViewController.swift; sourceTree = "<group>"; };
		15C94730259D5A3300D970E9 /* ResourceService.swift */ = {isa = PBXFileReference; fileEncoding = 4; lastKnownFileType = sourcecode.swift; name = ResourceService.swift; path = "../../../../../learning swift app dev/myProjects/spotWebTest/spotWebTest/Network/ResourceService.swift"; sourceTree = "<group>"; };
		15C94735259D5A4000D970E9 /* SpotService.swift */ = {isa = PBXFileReference; fileEncoding = 4; lastKnownFileType = sourcecode.swift; name = SpotService.swift; path = "../../../../../learning swift app dev/myProjects/spotWebTest/spotWebTest/Network/SpotService.swift"; sourceTree = "<group>"; };
		15C9473A259D5A6300D970E9 /* Spot.swift */ = {isa = PBXFileReference; fileEncoding = 4; lastKnownFileType = sourcecode.swift; name = Spot.swift; path = "../../../../../learning swift app dev/myProjects/spotWebTest/spotWebTest/Models/Spot.swift"; sourceTree = "<group>"; };
		15C9473F259D5A6800D970E9 /* SpotDetail.swift */ = {isa = PBXFileReference; fileEncoding = 4; lastKnownFileType = sourcecode.swift; name = SpotDetail.swift; path = "../../../../../learning swift app dev/myProjects/spotWebTest/spotWebTest/Models/SpotDetail.swift"; sourceTree = "<group>"; };
		15C9474F259D5B2D00D970E9 /* SpotsRequest.swift */ = {isa = PBXFileReference; fileEncoding = 4; lastKnownFileType = sourcecode.swift; name = SpotsRequest.swift; path = "../../../../../../learning swift app dev/myProjects/spotWebTest/spotWebTest/Models/Requests/SpotsRequest.swift"; sourceTree = "<group>"; };
		15C94766259D5FE600D970E9 /* JwtResponse.swift */ = {isa = PBXFileReference; lastKnownFileType = sourcecode.swift; path = JwtResponse.swift; sourceTree = "<group>"; };
		15C9476E259D600C00D970E9 /* LoginRequestModel.swift */ = {isa = PBXFileReference; lastKnownFileType = sourcecode.swift; path = LoginRequestModel.swift; sourceTree = "<group>"; };
		15C94773259D631500D970E9 /* MessageResponse.swift */ = {isa = PBXFileReference; lastKnownFileType = sourcecode.swift; path = MessageResponse.swift; sourceTree = "<group>"; };
		15C94778259D63FB00D970E9 /* AppUser.swift */ = {isa = PBXFileReference; lastKnownFileType = sourcecode.swift; path = AppUser.swift; sourceTree = "<group>"; };
		15C9477D259E1AD700D970E9 /* LoginRequest.swift */ = {isa = PBXFileReference; lastKnownFileType = sourcecode.swift; path = LoginRequest.swift; sourceTree = "<group>"; };
		15C94788259E25A600D970E9 /* PostRequestModelBasedResourceApiRequest.swift */ = {isa = PBXFileReference; lastKnownFileType = sourcecode.swift; path = PostRequestModelBasedResourceApiRequest.swift; sourceTree = "<group>"; };
		15C9478E259E272000D970E9 /* ApiRequest.swift */ = {isa = PBXFileReference; lastKnownFileType = sourcecode.swift; path = ApiRequest.swift; sourceTree = "<group>"; };
		15C9478F259E272700D970E9 /* BasedResourceApiRequest.swift */ = {isa = PBXFileReference; lastKnownFileType = sourcecode.swift; path = BasedResourceApiRequest.swift; sourceTree = "<group>"; };
		15C9479B259E275200D970E9 /* ResourceApiRequest.swift */ = {isa = PBXFileReference; lastKnownFileType = sourcecode.swift; path = ResourceApiRequest.swift; sourceTree = "<group>"; };
		15C9479F259E276F00D970E9 /* ResponseError.swift */ = {isa = PBXFileReference; lastKnownFileType = sourcecode.swift; path = ResponseError.swift; sourceTree = "<group>"; };
		15C947B0259E382800D970E9 /* RequestModelBasedResourceApiRequest.swift */ = {isa = PBXFileReference; lastKnownFileType = sourcecode.swift; path = RequestModelBasedResourceApiRequest.swift; sourceTree = "<group>"; };
		291B7393A846C8E1185627D8 /* Pods-dropspot-dropspotUITests.release.xcconfig */ = {isa = PBXFileReference; includeInIndex = 1; lastKnownFileType = text.xcconfig; name = "Pods-dropspot-dropspotUITests.release.xcconfig"; path = "Target Support Files/Pods-dropspot-dropspotUITests/Pods-dropspot-dropspotUITests.release.xcconfig"; sourceTree = "<group>"; };
		2C8218B93C130914FF9F8D04 /* Pods_dropspot.framework */ = {isa = PBXFileReference; explicitFileType = wrapper.framework; includeInIndex = 0; path = Pods_dropspot.framework; sourceTree = BUILT_PRODUCTS_DIR; };
		9E239E1BFA4C2EDE969960B3 /* Pods_dropspot_dropspotUITests.framework */ = {isa = PBXFileReference; explicitFileType = wrapper.framework; includeInIndex = 0; path = Pods_dropspot_dropspotUITests.framework; sourceTree = BUILT_PRODUCTS_DIR; };
		9FE6C714F5AB38D321DB5609 /* Pods_dropspotTests.framework */ = {isa = PBXFileReference; explicitFileType = wrapper.framework; includeInIndex = 0; path = Pods_dropspotTests.framework; sourceTree = BUILT_PRODUCTS_DIR; };
		AE0DF960787B73E2E41FE0FB /* Pods-dropspot.debug.xcconfig */ = {isa = PBXFileReference; includeInIndex = 1; lastKnownFileType = text.xcconfig; name = "Pods-dropspot.debug.xcconfig"; path = "Target Support Files/Pods-dropspot/Pods-dropspot.debug.xcconfig"; sourceTree = "<group>"; };
		B596A0026A6939AC4921EE95 /* Pods-dropspotTests.debug.xcconfig */ = {isa = PBXFileReference; includeInIndex = 1; lastKnownFileType = text.xcconfig; name = "Pods-dropspotTests.debug.xcconfig"; path = "Target Support Files/Pods-dropspotTests/Pods-dropspotTests.debug.xcconfig"; sourceTree = "<group>"; };
		CE10D2CCBCEFB10D7AEE27C5 /* Pods-dropspot-dropspotUITests.debug.xcconfig */ = {isa = PBXFileReference; includeInIndex = 1; lastKnownFileType = text.xcconfig; name = "Pods-dropspot-dropspotUITests.debug.xcconfig"; path = "Target Support Files/Pods-dropspot-dropspotUITests/Pods-dropspot-dropspotUITests.debug.xcconfig"; sourceTree = "<group>"; };
/* End PBXFileReference section */

/* Begin PBXFrameworksBuildPhase section */
		15768A9D2598F05000409E2B /* Frameworks */ = {
			isa = PBXFrameworksBuildPhase;
			buildActionMask = 2147483647;
			files = (
				010EE1877516C5DD7005AFC8 /* Pods_dropspot.framework in Frameworks */,
			);
			runOnlyForDeploymentPostprocessing = 0;
		};
		15768AB32598F05100409E2B /* Frameworks */ = {
			isa = PBXFrameworksBuildPhase;
			buildActionMask = 2147483647;
			files = (
				09E95C612A96DD7D4E7BABC1 /* Pods_dropspotTests.framework in Frameworks */,
			);
			runOnlyForDeploymentPostprocessing = 0;
		};
		15768ABE2598F05100409E2B /* Frameworks */ = {
			isa = PBXFrameworksBuildPhase;
			buildActionMask = 2147483647;
			files = (
				353A3ADEAF442369B01931F5 /* Pods_dropspot_dropspotUITests.framework in Frameworks */,
			);
			runOnlyForDeploymentPostprocessing = 0;
		};
/* End PBXFrameworksBuildPhase section */

/* Begin PBXGroup section */
		150FF5A225990B3F0027719B /* Services */ = {
			isa = PBXGroup;
			children = (
				15C94735259D5A4000D970E9 /* SpotService.swift */,
				15C94730259D5A3300D970E9 /* ResourceService.swift */,
				15C946E1259AAF2800D970E9 /* AuthService.swift */,
			);
			path = Services;
			sourceTree = "<group>";
		};
		150FF5A7259913CB0027719B /* Models */ = {
			isa = PBXGroup;
			children = (
				15C94744259D5B0700D970E9 /* Requests */,
				1510667D25A51B2E00939D36 /* Helpers */,
				159EAABD25A4B96B00EF8B1A /* Delegates */,
				15C946D3259AA65800D970E9 /* FormValidators */,
				15C94765259D5FB900D970E9 /* ResponseModels */,
				15C94764259D5F9F00D970E9 /* RequestsModels */,
				15C9473A259D5A6300D970E9 /* Spot.swift */,
				15C9473F259D5A6800D970E9 /* SpotDetail.swift */,
				15C94778259D63FB00D970E9 /* AppUser.swift */,
			);
			path = Models;
			sourceTree = "<group>";
		};
		150FF5A8259913E10027719B /* ViewControllers */ = {
			isa = PBXGroup;
			children = (
				1595247C25A25BB900EA7D2A /* Main */,
				1595247B25A25BA000EA7D2A /* Auth */,
				1595247A25A25B8200EA7D2A /* BaseViewControllers */,
			);
			path = ViewControllers;
			sourceTree = "<group>";
		};
		150FF5A9259913F50027719B /* ViewComponents */ = {
			isa = PBXGroup;
			children = (
				1591E95325994B2600EEA918 /* Theme.swift */,
			);
			path = ViewComponents;
			sourceTree = "<group>";
		};
		150FF5AA259913FF0027719B /* Views */ = {
			isa = PBXGroup;
			children = (
				1527AEE725A546AE0020CB36 /* CustomCells */,
				150FF5A8259913E10027719B /* ViewControllers */,
				150FF5A9259913F50027719B /* ViewComponents */,
			);
			path = Views;
			sourceTree = "<group>";
		};
		1510667D25A51B2E00939D36 /* Helpers */ = {
			isa = PBXGroup;
			children = (
				1510667E25A51B6000939D36 /* UserDefaultsHelper.swift */,
				1527AEC525A53AB50020CB36 /* Session.swift */,
			);
			path = Helpers;
			sourceTree = "<group>";
		};
		1527AEE725A546AE0020CB36 /* CustomCells */ = {
			isa = PBXGroup;
			children = (
				1527AEE825A546DA0020CB36 /* SpotCellViewControllerCollectionViewCell.swift */,
			);
			path = CustomCells;
			sourceTree = "<group>";
		};
		15768A972598F05000409E2B = {
			isa = PBXGroup;
			children = (
				15768AA22598F05000409E2B /* dropspot */,
				15768AB92598F05100409E2B /* dropspotTests */,
				15768AC42598F05100409E2B /* dropspotUITests */,
				15768AA12598F05000409E2B /* Products */,
				216C6FC0451DFD200EC0589C /* Pods */,
				E8FBFAF3FE9E6BE69DBF808C /* Frameworks */,
			);
			sourceTree = "<group>";
		};
		15768AA12598F05000409E2B /* Products */ = {
			isa = PBXGroup;
			children = (
				15768AA02598F05000409E2B /* dropspot.app */,
				15768AB62598F05100409E2B /* dropspotTests.xctest */,
				15768AC12598F05100409E2B /* dropspotUITests.xctest */,
			);
			name = Products;
			sourceTree = "<group>";
		};
		15768AA22598F05000409E2B /* dropspot */ = {
			isa = PBXGroup;
			children = (
				1595247625A25A8300EA7D2A /* StoryBoards */,
				15C94700259BB99200D970E9 /* Extensions */,
				150FF5AA259913FF0027719B /* Views */,
				150FF5A7259913CB0027719B /* Models */,
				150FF5A225990B3F0027719B /* Services */,
				15768AA32598F05000409E2B /* AppDelegate.swift */,
				15768AAC2598F05100409E2B /* Assets.xcassets */,
				15768AB12598F05100409E2B /* Info.plist */,
			);
			path = dropspot;
			sourceTree = "<group>";
		};
		15768AB92598F05100409E2B /* dropspotTests */ = {
			isa = PBXGroup;
			children = (
				15768ABA2598F05100409E2B /* dropspotTests.swift */,
				15768ABC2598F05100409E2B /* Info.plist */,
			);
			path = dropspotTests;
			sourceTree = "<group>";
		};
		15768AC42598F05100409E2B /* dropspotUITests */ = {
			isa = PBXGroup;
			children = (
				15768AC52598F05100409E2B /* dropspotUITests.swift */,
				15768AC72598F05100409E2B /* Info.plist */,
			);
			path = dropspotUITests;
			sourceTree = "<group>";
		};
		1595247625A25A8300EA7D2A /* StoryBoards */ = {
			isa = PBXGroup;
			children = (
				15768AAE2598F05100409E2B /* LaunchScreen.storyboard */,
				15768AA92598F05000409E2B /* Auth.storyboard */,
				1595248525A2634F00EA7D2A /* Main.storyboard */,
			);
			path = StoryBoards;
			sourceTree = "<group>";
		};
		1595247A25A25B8200EA7D2A /* BaseViewControllers */ = {
			isa = PBXGroup;
			children = (
				15C9472B259CD5AF00D970E9 /* FormValidatingKeyboardHandlingViewController.swift */,
				15C94717259BDD9300D970E9 /* KeyboardHandlingViewController.swift */,
			);
			path = BaseViewControllers;
			sourceTree = "<group>";
		};
		1595247B25A25BA000EA7D2A /* Auth */ = {
			isa = PBXGroup;
			children = (
				15768AA72598F05000409E2B /* LoginViewController.swift */,
				15C946C1259A8CFA00D970E9 /* RegisterViewController.swift */,
			);
			path = Auth;
			sourceTree = "<group>";
		};
		1595247C25A25BB900EA7D2A /* Main */ = {
			isa = PBXGroup;
			children = (
				1527AEE225A546150020CB36 /* SpotsCollectionViewController.swift */,
				1595249525A2731900EA7D2A /* NavDrawerContentViewController.swift */,
				15C946CE259AA2BA00D970E9 /* HomeViewController.swift */,
				1532722625A367B0004D4E76 /* MapViewController.swift */,
				1527AED225A543530020CB36 /* MeViewController.swift */,
			);
			path = Main;
			sourceTree = "<group>";
		};
		159EAABD25A4B96B00EF8B1A /* Delegates */ = {
			isa = PBXGroup;
			children = (
				159EAABE25A4B9B800EF8B1A /* NavDrawerNavigationDelegate.swift */,
			);
			path = Delegates;
			sourceTree = "<group>";
		};
		15C946D3259AA65800D970E9 /* FormValidators */ = {
			isa = PBXGroup;
			children = (
				15C946D4259AA66C00D970E9 /* LoginFormValidator.swift */,
				15C946EE259B9B9300D970E9 /* FormValidator.swift */,
				15C946F3259BA49400D970E9 /* FormValidationUtil.swift */,
				15C946FB259BA85C00D970E9 /* Validation.swift */,
				15C9471D259BF78C00D970E9 /* RegisterFormValidator.swift */,
			);
			path = FormValidators;
			sourceTree = "<group>";
		};
		15C94700259BB99200D970E9 /* Extensions */ = {
			isa = PBXGroup;
			children = (
				15C94701259BB9B900D970E9 /* TextFieldExt.swift */,
				152063CA25A136E300BAD678 /* UIViewControllerExt.swift */,
				152063CF25A13CCF00BAD678 /* StringExt.swift */,
			);
			path = Extensions;
			sourceTree = "<group>";
		};
		15C94744259D5B0700D970E9 /* Requests */ = {
			isa = PBXGroup;
			children = (
				15C947B8259E459500D970E9 /* BaseRequests */,
				15C9474F259D5B2D00D970E9 /* SpotsRequest.swift */,
				15C9477D259E1AD700D970E9 /* LoginRequest.swift */,
				152063C525A12D3300BAD678 /* RegisterRequest.swift */,
			);
			path = Requests;
			sourceTree = "<group>";
		};
		15C94764259D5F9F00D970E9 /* RequestsModels */ = {
			isa = PBXGroup;
			children = (
				15C9476E259D600C00D970E9 /* LoginRequestModel.swift */,
				152063C025A12AE500BAD678 /* RegisterRequestModel.swift */,
			);
			path = RequestsModels;
			sourceTree = "<group>";
		};
		15C94765259D5FB900D970E9 /* ResponseModels */ = {
			isa = PBXGroup;
			children = (
				15C94766259D5FE600D970E9 /* JwtResponse.swift */,
				15C94773259D631500D970E9 /* MessageResponse.swift */,
			);
			path = ResponseModels;
			sourceTree = "<group>";
		};
		15C947B8259E459500D970E9 /* BaseRequests */ = {
			isa = PBXGroup;
			children = (
				15C9479F259E276F00D970E9 /* ResponseError.swift */,
				15C94788259E25A600D970E9 /* PostRequestModelBasedResourceApiRequest.swift */,
				15C9479B259E275200D970E9 /* ResourceApiRequest.swift */,
				15C9478F259E272700D970E9 /* BasedResourceApiRequest.swift */,
				15C9478E259E272000D970E9 /* ApiRequest.swift */,
				15C947B0259E382800D970E9 /* RequestModelBasedResourceApiRequest.swift */,
			);
			path = BaseRequests;
			sourceTree = "<group>";
		};
		216C6FC0451DFD200EC0589C /* Pods */ = {
			isa = PBXGroup;
			children = (
				AE0DF960787B73E2E41FE0FB /* Pods-dropspot.debug.xcconfig */,
				02A455FF9246A5813AC78F2E /* Pods-dropspot.release.xcconfig */,
				CE10D2CCBCEFB10D7AEE27C5 /* Pods-dropspot-dropspotUITests.debug.xcconfig */,
				291B7393A846C8E1185627D8 /* Pods-dropspot-dropspotUITests.release.xcconfig */,
				B596A0026A6939AC4921EE95 /* Pods-dropspotTests.debug.xcconfig */,
				0831060BD7D927D379E9DF6F /* Pods-dropspotTests.release.xcconfig */,
			);
			path = Pods;
			sourceTree = "<group>";
		};
		E8FBFAF3FE9E6BE69DBF808C /* Frameworks */ = {
			isa = PBXGroup;
			children = (
				2C8218B93C130914FF9F8D04 /* Pods_dropspot.framework */,
				9E239E1BFA4C2EDE969960B3 /* Pods_dropspot_dropspotUITests.framework */,
				9FE6C714F5AB38D321DB5609 /* Pods_dropspotTests.framework */,
			);
			name = Frameworks;
			sourceTree = "<group>";
		};
/* End PBXGroup section */

/* Begin PBXNativeTarget section */
		15768A9F2598F05000409E2B /* dropspot */ = {
			isa = PBXNativeTarget;
			buildConfigurationList = 15768ACA2598F05100409E2B /* Build configuration list for PBXNativeTarget "dropspot" */;
			buildPhases = (
				E77F39BFA94928B31700F6F4 /* [CP] Check Pods Manifest.lock */,
				15768A9C2598F05000409E2B /* Sources */,
				15768A9D2598F05000409E2B /* Frameworks */,
				15768A9E2598F05000409E2B /* Resources */,
				300F44C4FB106B5E895C5C3A /* [CP] Embed Pods Frameworks */,
			);
			buildRules = (
			);
			dependencies = (
			);
			name = dropspot;
			productName = dropspot;
			productReference = 15768AA02598F05000409E2B /* dropspot.app */;
			productType = "com.apple.product-type.application";
		};
		15768AB52598F05100409E2B /* dropspotTests */ = {
			isa = PBXNativeTarget;
			buildConfigurationList = 15768ACD2598F05100409E2B /* Build configuration list for PBXNativeTarget "dropspotTests" */;
			buildPhases = (
				1256024C11A2290A8DC07F52 /* [CP] Check Pods Manifest.lock */,
				15768AB22598F05100409E2B /* Sources */,
				15768AB32598F05100409E2B /* Frameworks */,
				15768AB42598F05100409E2B /* Resources */,
			);
			buildRules = (
			);
			dependencies = (
				15768AB82598F05100409E2B /* PBXTargetDependency */,
			);
			name = dropspotTests;
			productName = dropspotTests;
			productReference = 15768AB62598F05100409E2B /* dropspotTests.xctest */;
			productType = "com.apple.product-type.bundle.unit-test";
		};
		15768AC02598F05100409E2B /* dropspotUITests */ = {
			isa = PBXNativeTarget;
			buildConfigurationList = 15768AD02598F05100409E2B /* Build configuration list for PBXNativeTarget "dropspotUITests" */;
			buildPhases = (
				C3109AE4290E77FFF9721B2C /* [CP] Check Pods Manifest.lock */,
				15768ABD2598F05100409E2B /* Sources */,
				15768ABE2598F05100409E2B /* Frameworks */,
				15768ABF2598F05100409E2B /* Resources */,
				FE163349B753DE76E90D6940 /* [CP] Embed Pods Frameworks */,
			);
			buildRules = (
			);
			dependencies = (
				15768AC32598F05100409E2B /* PBXTargetDependency */,
			);
			name = dropspotUITests;
			productName = dropspotUITests;
			productReference = 15768AC12598F05100409E2B /* dropspotUITests.xctest */;
			productType = "com.apple.product-type.bundle.ui-testing";
		};
/* End PBXNativeTarget section */

/* Begin PBXProject section */
		15768A982598F05000409E2B /* Project object */ = {
			isa = PBXProject;
			attributes = {
				LastSwiftUpdateCheck = 1230;
				LastUpgradeCheck = 1230;
				TargetAttributes = {
					15768A9F2598F05000409E2B = {
						CreatedOnToolsVersion = 12.3;
					};
					15768AB52598F05100409E2B = {
						CreatedOnToolsVersion = 12.3;
						TestTargetID = 15768A9F2598F05000409E2B;
					};
					15768AC02598F05100409E2B = {
						CreatedOnToolsVersion = 12.3;
						TestTargetID = 15768A9F2598F05000409E2B;
					};
				};
			};
			buildConfigurationList = 15768A9B2598F05000409E2B /* Build configuration list for PBXProject "dropspot" */;
			compatibilityVersion = "Xcode 9.3";
			developmentRegion = en;
			hasScannedForEncodings = 0;
			knownRegions = (
				en,
				Base,
			);
			mainGroup = 15768A972598F05000409E2B;
			productRefGroup = 15768AA12598F05000409E2B /* Products */;
			projectDirPath = "";
			projectRoot = "";
			targets = (
				15768A9F2598F05000409E2B /* dropspot */,
				15768AB52598F05100409E2B /* dropspotTests */,
				15768AC02598F05100409E2B /* dropspotUITests */,
			);
		};
/* End PBXProject section */

/* Begin PBXResourcesBuildPhase section */
		15768A9E2598F05000409E2B /* Resources */ = {
			isa = PBXResourcesBuildPhase;
			buildActionMask = 2147483647;
			files = (
				15768AB02598F05100409E2B /* LaunchScreen.storyboard in Resources */,
				15768AAD2598F05100409E2B /* Assets.xcassets in Resources */,
				15768AAB2598F05000409E2B /* Auth.storyboard in Resources */,
				1595248625A2634F00EA7D2A /* Main.storyboard in Resources */,
			);
			runOnlyForDeploymentPostprocessing = 0;
		};
		15768AB42598F05100409E2B /* Resources */ = {
			isa = PBXResourcesBuildPhase;
			buildActionMask = 2147483647;
			files = (
			);
			runOnlyForDeploymentPostprocessing = 0;
		};
		15768ABF2598F05100409E2B /* Resources */ = {
			isa = PBXResourcesBuildPhase;
			buildActionMask = 2147483647;
			files = (
			);
			runOnlyForDeploymentPostprocessing = 0;
		};
/* End PBXResourcesBuildPhase section */

/* Begin PBXShellScriptBuildPhase section */
		1256024C11A2290A8DC07F52 /* [CP] Check Pods Manifest.lock */ = {
			isa = PBXShellScriptBuildPhase;
			buildActionMask = 2147483647;
			files = (
			);
			inputFileListPaths = (
			);
			inputPaths = (
				"${PODS_PODFILE_DIR_PATH}/Podfile.lock",
				"${PODS_ROOT}/Manifest.lock",
			);
			name = "[CP] Check Pods Manifest.lock";
			outputFileListPaths = (
			);
			outputPaths = (
				"$(DERIVED_FILE_DIR)/Pods-dropspotTests-checkManifestLockResult.txt",
			);
			runOnlyForDeploymentPostprocessing = 0;
			shellPath = /bin/sh;
			shellScript = "diff \"${PODS_PODFILE_DIR_PATH}/Podfile.lock\" \"${PODS_ROOT}/Manifest.lock\" > /dev/null\nif [ $? != 0 ] ; then\n    # print error to STDERR\n    echo \"error: The sandbox is not in sync with the Podfile.lock. Run 'pod install' or update your CocoaPods installation.\" >&2\n    exit 1\nfi\n# This output is used by Xcode 'outputs' to avoid re-running this script phase.\necho \"SUCCESS\" > \"${SCRIPT_OUTPUT_FILE_0}\"\n";
			showEnvVarsInLog = 0;
		};
		300F44C4FB106B5E895C5C3A /* [CP] Embed Pods Frameworks */ = {
			isa = PBXShellScriptBuildPhase;
			buildActionMask = 2147483647;
			files = (
			);
			inputFileListPaths = (
				"${PODS_ROOT}/Target Support Files/Pods-dropspot/Pods-dropspot-frameworks-${CONFIGURATION}-input-files.xcfilelist",
			);
			name = "[CP] Embed Pods Frameworks";
			outputFileListPaths = (
				"${PODS_ROOT}/Target Support Files/Pods-dropspot/Pods-dropspot-frameworks-${CONFIGURATION}-output-files.xcfilelist",
			);
			runOnlyForDeploymentPostprocessing = 0;
			shellPath = /bin/sh;
			shellScript = "\"${PODS_ROOT}/Target Support Files/Pods-dropspot/Pods-dropspot-frameworks.sh\"\n";
			showEnvVarsInLog = 0;
		};
		C3109AE4290E77FFF9721B2C /* [CP] Check Pods Manifest.lock */ = {
			isa = PBXShellScriptBuildPhase;
			buildActionMask = 2147483647;
			files = (
			);
			inputFileListPaths = (
			);
			inputPaths = (
				"${PODS_PODFILE_DIR_PATH}/Podfile.lock",
				"${PODS_ROOT}/Manifest.lock",
			);
			name = "[CP] Check Pods Manifest.lock";
			outputFileListPaths = (
			);
			outputPaths = (
				"$(DERIVED_FILE_DIR)/Pods-dropspot-dropspotUITests-checkManifestLockResult.txt",
			);
			runOnlyForDeploymentPostprocessing = 0;
			shellPath = /bin/sh;
			shellScript = "diff \"${PODS_PODFILE_DIR_PATH}/Podfile.lock\" \"${PODS_ROOT}/Manifest.lock\" > /dev/null\nif [ $? != 0 ] ; then\n    # print error to STDERR\n    echo \"error: The sandbox is not in sync with the Podfile.lock. Run 'pod install' or update your CocoaPods installation.\" >&2\n    exit 1\nfi\n# This output is used by Xcode 'outputs' to avoid re-running this script phase.\necho \"SUCCESS\" > \"${SCRIPT_OUTPUT_FILE_0}\"\n";
			showEnvVarsInLog = 0;
		};
		E77F39BFA94928B31700F6F4 /* [CP] Check Pods Manifest.lock */ = {
			isa = PBXShellScriptBuildPhase;
			buildActionMask = 2147483647;
			files = (
			);
			inputFileListPaths = (
			);
			inputPaths = (
				"${PODS_PODFILE_DIR_PATH}/Podfile.lock",
				"${PODS_ROOT}/Manifest.lock",
			);
			name = "[CP] Check Pods Manifest.lock";
			outputFileListPaths = (
			);
			outputPaths = (
				"$(DERIVED_FILE_DIR)/Pods-dropspot-checkManifestLockResult.txt",
			);
			runOnlyForDeploymentPostprocessing = 0;
			shellPath = /bin/sh;
			shellScript = "diff \"${PODS_PODFILE_DIR_PATH}/Podfile.lock\" \"${PODS_ROOT}/Manifest.lock\" > /dev/null\nif [ $? != 0 ] ; then\n    # print error to STDERR\n    echo \"error: The sandbox is not in sync with the Podfile.lock. Run 'pod install' or update your CocoaPods installation.\" >&2\n    exit 1\nfi\n# This output is used by Xcode 'outputs' to avoid re-running this script phase.\necho \"SUCCESS\" > \"${SCRIPT_OUTPUT_FILE_0}\"\n";
			showEnvVarsInLog = 0;
		};
		FE163349B753DE76E90D6940 /* [CP] Embed Pods Frameworks */ = {
			isa = PBXShellScriptBuildPhase;
			buildActionMask = 2147483647;
			files = (
			);
			inputFileListPaths = (
				"${PODS_ROOT}/Target Support Files/Pods-dropspot-dropspotUITests/Pods-dropspot-dropspotUITests-frameworks-${CONFIGURATION}-input-files.xcfilelist",
			);
			name = "[CP] Embed Pods Frameworks";
			outputFileListPaths = (
				"${PODS_ROOT}/Target Support Files/Pods-dropspot-dropspotUITests/Pods-dropspot-dropspotUITests-frameworks-${CONFIGURATION}-output-files.xcfilelist",
			);
			runOnlyForDeploymentPostprocessing = 0;
			shellPath = /bin/sh;
			shellScript = "\"${PODS_ROOT}/Target Support Files/Pods-dropspot-dropspotUITests/Pods-dropspot-dropspotUITests-frameworks.sh\"\n";
			showEnvVarsInLog = 0;
		};
/* End PBXShellScriptBuildPhase section */

/* Begin PBXSourcesBuildPhase section */
		15768A9C2598F05000409E2B /* Sources */ = {
			isa = PBXSourcesBuildPhase;
			buildActionMask = 2147483647;
			files = (
				1527AED325A543530020CB36 /* MeViewController.swift in Sources */,
				1527AEE325A546150020CB36 /* SpotsCollectionViewController.swift in Sources */,
				15C94779259D63FB00D970E9 /* AppUser.swift in Sources */,
				15C946EF259B9B9300D970E9 /* FormValidator.swift in Sources */,
				15C9476F259D600C00D970E9 /* LoginRequestModel.swift in Sources */,
				15768AA82598F05000409E2B /* LoginViewController.swift in Sources */,
				15C9471E259BF78C00D970E9 /* RegisterFormValidator.swift in Sources */,
				15C947B1259E382800D970E9 /* RequestModelBasedResourceApiRequest.swift in Sources */,
				15C947A8259E280100D970E9 /* BasedResourceApiRequest.swift in Sources */,
				1532722725A367B0004D4E76 /* MapViewController.swift in Sources */,
				15C946FC259BA85C00D970E9 /* Validation.swift in Sources */,
				15C94750259D5B2D00D970E9 /* SpotsRequest.swift in Sources */,
				159EAABF25A4B9B800EF8B1A /* NavDrawerNavigationDelegate.swift in Sources */,
				15C9472C259CD5AF00D970E9 /* FormValidatingKeyboardHandlingViewController.swift in Sources */,
				152063CB25A136E300BAD678 /* UIViewControllerExt.swift in Sources */,
				15C946D5259AA66C00D970E9 /* LoginFormValidator.swift in Sources */,
				15C94740259D5A6800D970E9 /* SpotDetail.swift in Sources */,
				15C946C2259A8CFA00D970E9 /* RegisterViewController.swift in Sources */,
				15C9473B259D5A6300D970E9 /* Spot.swift in Sources */,
				15C94767259D5FE600D970E9 /* JwtResponse.swift in Sources */,
				15C947A9259E280100D970E9 /* ResourceApiRequest.swift in Sources */,
				15C946E2259AAF2800D970E9 /* AuthService.swift in Sources */,
				1527AEC625A53AB50020CB36 /* Session.swift in Sources */,
				1595249625A2731900EA7D2A /* NavDrawerContentViewController.swift in Sources */,
				15C94774259D631500D970E9 /* MessageResponse.swift in Sources */,
				1591E95425994B2600EEA918 /* Theme.swift in Sources */,
				15768AA42598F05000409E2B /* AppDelegate.swift in Sources */,
				152063C125A12AE500BAD678 /* RegisterRequestModel.swift in Sources */,
				15C94736259D5A4000D970E9 /* SpotService.swift in Sources */,
				1510667F25A51B6000939D36 /* UserDefaultsHelper.swift in Sources */,
				152063D025A13CCF00BAD678 /* StringExt.swift in Sources */,
				152063C625A12D3300BAD678 /* RegisterRequest.swift in Sources */,
				15C94718259BDD9300D970E9 /* KeyboardHandlingViewController.swift in Sources */,
				15C94702259BB9B900D970E9 /* TextFieldExt.swift in Sources */,
				15C946CF259AA2BA00D970E9 /* HomeViewController.swift in Sources */,
				1527AEE925A546DA0020CB36 /* SpotCellViewControllerCollectionViewCell.swift in Sources */,
				15C946F4259BA49400D970E9 /* FormValidationUtil.swift in Sources */,
				15C9477E259E1AD700D970E9 /* LoginRequest.swift in Sources */,
				15C94789259E25A600D970E9 /* PostRequestModelBasedResourceApiRequest.swift in Sources */,
				15C94731259D5A3300D970E9 /* ResourceService.swift in Sources */,
				15C947A7259E280100D970E9 /* ApiRequest.swift in Sources */,
				15C947A0259E276F00D970E9 /* ResponseError.swift in Sources */,
			);
			runOnlyForDeploymentPostprocessing = 0;
		};
		15768AB22598F05100409E2B /* Sources */ = {
			isa = PBXSourcesBuildPhase;
			buildActionMask = 2147483647;
			files = (
				15768ABB2598F05100409E2B /* dropspotTests.swift in Sources */,
			);
			runOnlyForDeploymentPostprocessing = 0;
		};
		15768ABD2598F05100409E2B /* Sources */ = {
			isa = PBXSourcesBuildPhase;
			buildActionMask = 2147483647;
			files = (
				15768AC62598F05100409E2B /* dropspotUITests.swift in Sources */,
			);
			runOnlyForDeploymentPostprocessing = 0;
		};
/* End PBXSourcesBuildPhase section */

/* Begin PBXTargetDependency section */
		15768AB82598F05100409E2B /* PBXTargetDependency */ = {
			isa = PBXTargetDependency;
			target = 15768A9F2598F05000409E2B /* dropspot */;
			targetProxy = 15768AB72598F05100409E2B /* PBXContainerItemProxy */;
		};
		15768AC32598F05100409E2B /* PBXTargetDependency */ = {
			isa = PBXTargetDependency;
			target = 15768A9F2598F05000409E2B /* dropspot */;
			targetProxy = 15768AC22598F05100409E2B /* PBXContainerItemProxy */;
		};
/* End PBXTargetDependency section */

/* Begin PBXVariantGroup section */
		15768AA92598F05000409E2B /* Auth.storyboard */ = {
			isa = PBXVariantGroup;
			children = (
				15768AAA2598F05000409E2B /* Base */,
			);
			name = Auth.storyboard;
			sourceTree = "<group>";
		};
		15768AAE2598F05100409E2B /* LaunchScreen.storyboard */ = {
			isa = PBXVariantGroup;
			children = (
				15768AAF2598F05100409E2B /* Base */,
			);
			name = LaunchScreen.storyboard;
			sourceTree = "<group>";
		};
/* End PBXVariantGroup section */

/* Begin XCBuildConfiguration section */
		15768AC82598F05100409E2B /* Debug */ = {
			isa = XCBuildConfiguration;
			buildSettings = {
				ALWAYS_SEARCH_USER_PATHS = NO;
				CLANG_ANALYZER_NONNULL = YES;
				CLANG_ANALYZER_NUMBER_OBJECT_CONVERSION = YES_AGGRESSIVE;
				CLANG_CXX_LANGUAGE_STANDARD = "gnu++14";
				CLANG_CXX_LIBRARY = "libc++";
				CLANG_ENABLE_MODULES = YES;
				CLANG_ENABLE_OBJC_ARC = YES;
				CLANG_ENABLE_OBJC_WEAK = YES;
				CLANG_WARN_BLOCK_CAPTURE_AUTORELEASING = YES;
				CLANG_WARN_BOOL_CONVERSION = YES;
				CLANG_WARN_COMMA = YES;
				CLANG_WARN_CONSTANT_CONVERSION = YES;
				CLANG_WARN_DEPRECATED_OBJC_IMPLEMENTATIONS = YES;
				CLANG_WARN_DIRECT_OBJC_ISA_USAGE = YES_ERROR;
				CLANG_WARN_DOCUMENTATION_COMMENTS = YES;
				CLANG_WARN_EMPTY_BODY = YES;
				CLANG_WARN_ENUM_CONVERSION = YES;
				CLANG_WARN_INFINITE_RECURSION = YES;
				CLANG_WARN_INT_CONVERSION = YES;
				CLANG_WARN_NON_LITERAL_NULL_CONVERSION = YES;
				CLANG_WARN_OBJC_IMPLICIT_RETAIN_SELF = YES;
				CLANG_WARN_OBJC_LITERAL_CONVERSION = YES;
				CLANG_WARN_OBJC_ROOT_CLASS = YES_ERROR;
				CLANG_WARN_QUOTED_INCLUDE_IN_FRAMEWORK_HEADER = YES;
				CLANG_WARN_RANGE_LOOP_ANALYSIS = YES;
				CLANG_WARN_STRICT_PROTOTYPES = YES;
				CLANG_WARN_SUSPICIOUS_MOVE = YES;
				CLANG_WARN_UNGUARDED_AVAILABILITY = YES_AGGRESSIVE;
				CLANG_WARN_UNREACHABLE_CODE = YES;
				CLANG_WARN__DUPLICATE_METHOD_MATCH = YES;
				COPY_PHASE_STRIP = NO;
				DEBUG_INFORMATION_FORMAT = dwarf;
				ENABLE_STRICT_OBJC_MSGSEND = YES;
				ENABLE_TESTABILITY = YES;
				GCC_C_LANGUAGE_STANDARD = gnu11;
				GCC_DYNAMIC_NO_PIC = NO;
				GCC_NO_COMMON_BLOCKS = YES;
				GCC_OPTIMIZATION_LEVEL = 0;
				GCC_PREPROCESSOR_DEFINITIONS = (
					"DEBUG=1",
					"$(inherited)",
				);
				GCC_WARN_64_TO_32_BIT_CONVERSION = YES;
				GCC_WARN_ABOUT_RETURN_TYPE = YES_ERROR;
				GCC_WARN_UNDECLARED_SELECTOR = YES;
				GCC_WARN_UNINITIALIZED_AUTOS = YES_AGGRESSIVE;
				GCC_WARN_UNUSED_FUNCTION = YES;
				GCC_WARN_UNUSED_VARIABLE = YES;
				IPHONEOS_DEPLOYMENT_TARGET = 14.3;
				MTL_ENABLE_DEBUG_INFO = INCLUDE_SOURCE;
				MTL_FAST_MATH = YES;
				ONLY_ACTIVE_ARCH = YES;
				SDKROOT = iphoneos;
				SWIFT_ACTIVE_COMPILATION_CONDITIONS = DEBUG;
				SWIFT_OPTIMIZATION_LEVEL = "-Onone";
			};
			name = Debug;
		};
		15768AC92598F05100409E2B /* Release */ = {
			isa = XCBuildConfiguration;
			buildSettings = {
				ALWAYS_SEARCH_USER_PATHS = NO;
				CLANG_ANALYZER_NONNULL = YES;
				CLANG_ANALYZER_NUMBER_OBJECT_CONVERSION = YES_AGGRESSIVE;
				CLANG_CXX_LANGUAGE_STANDARD = "gnu++14";
				CLANG_CXX_LIBRARY = "libc++";
				CLANG_ENABLE_MODULES = YES;
				CLANG_ENABLE_OBJC_ARC = YES;
				CLANG_ENABLE_OBJC_WEAK = YES;
				CLANG_WARN_BLOCK_CAPTURE_AUTORELEASING = YES;
				CLANG_WARN_BOOL_CONVERSION = YES;
				CLANG_WARN_COMMA = YES;
				CLANG_WARN_CONSTANT_CONVERSION = YES;
				CLANG_WARN_DEPRECATED_OBJC_IMPLEMENTATIONS = YES;
				CLANG_WARN_DIRECT_OBJC_ISA_USAGE = YES_ERROR;
				CLANG_WARN_DOCUMENTATION_COMMENTS = YES;
				CLANG_WARN_EMPTY_BODY = YES;
				CLANG_WARN_ENUM_CONVERSION = YES;
				CLANG_WARN_INFINITE_RECURSION = YES;
				CLANG_WARN_INT_CONVERSION = YES;
				CLANG_WARN_NON_LITERAL_NULL_CONVERSION = YES;
				CLANG_WARN_OBJC_IMPLICIT_RETAIN_SELF = YES;
				CLANG_WARN_OBJC_LITERAL_CONVERSION = YES;
				CLANG_WARN_OBJC_ROOT_CLASS = YES_ERROR;
				CLANG_WARN_QUOTED_INCLUDE_IN_FRAMEWORK_HEADER = YES;
				CLANG_WARN_RANGE_LOOP_ANALYSIS = YES;
				CLANG_WARN_STRICT_PROTOTYPES = YES;
				CLANG_WARN_SUSPICIOUS_MOVE = YES;
				CLANG_WARN_UNGUARDED_AVAILABILITY = YES_AGGRESSIVE;
				CLANG_WARN_UNREACHABLE_CODE = YES;
				CLANG_WARN__DUPLICATE_METHOD_MATCH = YES;
				COPY_PHASE_STRIP = NO;
				DEBUG_INFORMATION_FORMAT = "dwarf-with-dsym";
				ENABLE_NS_ASSERTIONS = NO;
				ENABLE_STRICT_OBJC_MSGSEND = YES;
				GCC_C_LANGUAGE_STANDARD = gnu11;
				GCC_NO_COMMON_BLOCKS = YES;
				GCC_WARN_64_TO_32_BIT_CONVERSION = YES;
				GCC_WARN_ABOUT_RETURN_TYPE = YES_ERROR;
				GCC_WARN_UNDECLARED_SELECTOR = YES;
				GCC_WARN_UNINITIALIZED_AUTOS = YES_AGGRESSIVE;
				GCC_WARN_UNUSED_FUNCTION = YES;
				GCC_WARN_UNUSED_VARIABLE = YES;
				IPHONEOS_DEPLOYMENT_TARGET = 14.3;
				MTL_ENABLE_DEBUG_INFO = NO;
				MTL_FAST_MATH = YES;
				SDKROOT = iphoneos;
				SWIFT_COMPILATION_MODE = wholemodule;
				SWIFT_OPTIMIZATION_LEVEL = "-O";
				VALIDATE_PRODUCT = YES;
			};
			name = Release;
		};
		15768ACB2598F05100409E2B /* Debug */ = {
			isa = XCBuildConfiguration;
			baseConfigurationReference = AE0DF960787B73E2E41FE0FB /* Pods-dropspot.debug.xcconfig */;
			buildSettings = {
				ASSETCATALOG_COMPILER_APPICON_NAME = AppIcon;
				ASSETCATALOG_COMPILER_GLOBAL_ACCENT_COLOR_NAME = AccentColor;
				CODE_SIGN_STYLE = Automatic;
				DEVELOPMENT_TEAM = SAXE46TT9V;
				INFOPLIST_FILE = dropspot/Info.plist;
				IPHONEOS_DEPLOYMENT_TARGET = 14.3;
				LD_RUNPATH_SEARCH_PATHS = (
					"$(inherited)",
					"@executable_path/Frameworks",
				);
				PRODUCT_BUNDLE_IDENTIFIER = com.bve.dropspot;
				PRODUCT_NAME = "$(TARGET_NAME)";
				SWIFT_VERSION = 5.0;
				TARGETED_DEVICE_FAMILY = "1,2";
			};
			name = Debug;
		};
		15768ACC2598F05100409E2B /* Release */ = {
			isa = XCBuildConfiguration;
			baseConfigurationReference = 02A455FF9246A5813AC78F2E /* Pods-dropspot.release.xcconfig */;
			buildSettings = {
				ASSETCATALOG_COMPILER_APPICON_NAME = AppIcon;
				ASSETCATALOG_COMPILER_GLOBAL_ACCENT_COLOR_NAME = AccentColor;
				CODE_SIGN_STYLE = Automatic;
				DEVELOPMENT_TEAM = SAXE46TT9V;
				INFOPLIST_FILE = dropspot/Info.plist;
				IPHONEOS_DEPLOYMENT_TARGET = 14.3;
				LD_RUNPATH_SEARCH_PATHS = (
					"$(inherited)",
					"@executable_path/Frameworks",
				);
				PRODUCT_BUNDLE_IDENTIFIER = com.bve.dropspot;
				PRODUCT_NAME = "$(TARGET_NAME)";
				SWIFT_VERSION = 5.0;
				TARGETED_DEVICE_FAMILY = "1,2";
			};
			name = Release;
		};
		15768ACE2598F05100409E2B /* Debug */ = {
			isa = XCBuildConfiguration;
			baseConfigurationReference = B596A0026A6939AC4921EE95 /* Pods-dropspotTests.debug.xcconfig */;
			buildSettings = {
				ALWAYS_EMBED_SWIFT_STANDARD_LIBRARIES = YES;
				BUNDLE_LOADER = "$(TEST_HOST)";
				CODE_SIGN_STYLE = Automatic;
				DEVELOPMENT_TEAM = SAXE46TT9V;
				INFOPLIST_FILE = dropspotTests/Info.plist;
				IPHONEOS_DEPLOYMENT_TARGET = 14.3;
				LD_RUNPATH_SEARCH_PATHS = (
					"$(inherited)",
					"@executable_path/Frameworks",
					"@loader_path/Frameworks",
				);
				PRODUCT_BUNDLE_IDENTIFIER = com.bve.dropspotTests;
				PRODUCT_NAME = "$(TARGET_NAME)";
				SWIFT_VERSION = 5.0;
				TARGETED_DEVICE_FAMILY = "1,2";
				TEST_HOST = "$(BUILT_PRODUCTS_DIR)/dropspot.app/dropspot";
			};
			name = Debug;
		};
		15768ACF2598F05100409E2B /* Release */ = {
			isa = XCBuildConfiguration;
			baseConfigurationReference = 0831060BD7D927D379E9DF6F /* Pods-dropspotTests.release.xcconfig */;
			buildSettings = {
				ALWAYS_EMBED_SWIFT_STANDARD_LIBRARIES = YES;
				BUNDLE_LOADER = "$(TEST_HOST)";
				CODE_SIGN_STYLE = Automatic;
				DEVELOPMENT_TEAM = SAXE46TT9V;
				INFOPLIST_FILE = dropspotTests/Info.plist;
				IPHONEOS_DEPLOYMENT_TARGET = 14.3;
				LD_RUNPATH_SEARCH_PATHS = (
					"$(inherited)",
					"@executable_path/Frameworks",
					"@loader_path/Frameworks",
				);
				PRODUCT_BUNDLE_IDENTIFIER = com.bve.dropspotTests;
				PRODUCT_NAME = "$(TARGET_NAME)";
				SWIFT_VERSION = 5.0;
				TARGETED_DEVICE_FAMILY = "1,2";
				TEST_HOST = "$(BUILT_PRODUCTS_DIR)/dropspot.app/dropspot";
			};
			name = Release;
		};
		15768AD12598F05100409E2B /* Debug */ = {
			isa = XCBuildConfiguration;
			baseConfigurationReference = CE10D2CCBCEFB10D7AEE27C5 /* Pods-dropspot-dropspotUITests.debug.xcconfig */;
			buildSettings = {
				ALWAYS_EMBED_SWIFT_STANDARD_LIBRARIES = YES;
				CODE_SIGN_STYLE = Automatic;
				DEVELOPMENT_TEAM = SAXE46TT9V;
				INFOPLIST_FILE = dropspotUITests/Info.plist;
				LD_RUNPATH_SEARCH_PATHS = (
					"$(inherited)",
					"@executable_path/Frameworks",
					"@loader_path/Frameworks",
				);
				PRODUCT_BUNDLE_IDENTIFIER = com.bve.dropspotUITests;
				PRODUCT_NAME = "$(TARGET_NAME)";
				SWIFT_VERSION = 5.0;
				TARGETED_DEVICE_FAMILY = "1,2";
				TEST_TARGET_NAME = dropspot;
			};
			name = Debug;
		};
		15768AD22598F05100409E2B /* Release */ = {
			isa = XCBuildConfiguration;
			baseConfigurationReference = 291B7393A846C8E1185627D8 /* Pods-dropspot-dropspotUITests.release.xcconfig */;
			buildSettings = {
				ALWAYS_EMBED_SWIFT_STANDARD_LIBRARIES = YES;
				CODE_SIGN_STYLE = Automatic;
				DEVELOPMENT_TEAM = SAXE46TT9V;
				INFOPLIST_FILE = dropspotUITests/Info.plist;
				LD_RUNPATH_SEARCH_PATHS = (
					"$(inherited)",
					"@executable_path/Frameworks",
					"@loader_path/Frameworks",
				);
				PRODUCT_BUNDLE_IDENTIFIER = com.bve.dropspotUITests;
				PRODUCT_NAME = "$(TARGET_NAME)";
				SWIFT_VERSION = 5.0;
				TARGETED_DEVICE_FAMILY = "1,2";
				TEST_TARGET_NAME = dropspot;
			};
			name = Release;
		};
/* End XCBuildConfiguration section */

/* Begin XCConfigurationList section */
		15768A9B2598F05000409E2B /* Build configuration list for PBXProject "dropspot" */ = {
			isa = XCConfigurationList;
			buildConfigurations = (
				15768AC82598F05100409E2B /* Debug */,
				15768AC92598F05100409E2B /* Release */,
			);
			defaultConfigurationIsVisible = 0;
			defaultConfigurationName = Release;
		};
		15768ACA2598F05100409E2B /* Build configuration list for PBXNativeTarget "dropspot" */ = {
			isa = XCConfigurationList;
			buildConfigurations = (
				15768ACB2598F05100409E2B /* Debug */,
				15768ACC2598F05100409E2B /* Release */,
			);
			defaultConfigurationIsVisible = 0;
			defaultConfigurationName = Release;
		};
		15768ACD2598F05100409E2B /* Build configuration list for PBXNativeTarget "dropspotTests" */ = {
			isa = XCConfigurationList;
			buildConfigurations = (
				15768ACE2598F05100409E2B /* Debug */,
				15768ACF2598F05100409E2B /* Release */,
			);
			defaultConfigurationIsVisible = 0;
			defaultConfigurationName = Release;
		};
		15768AD02598F05100409E2B /* Build configuration list for PBXNativeTarget "dropspotUITests" */ = {
			isa = XCConfigurationList;
			buildConfigurations = (
				15768AD12598F05100409E2B /* Debug */,
				15768AD22598F05100409E2B /* Release */,
			);
			defaultConfigurationIsVisible = 0;
			defaultConfigurationName = Release;
		};
/* End XCConfigurationList section */
	};
	rootObject = 15768A982598F05000409E2B /* Project object */;
}
